// !$*UTF8*$!
{
	archiveVersion = 1;
	classes = {
	};
	objectVersion = 46;
	objects = {

/* Begin PBXBuildFile section */
		457285365B13D0E7469934B3 /* Pods_Graygram.framework in Frameworks */ = {isa = PBXBuildFile; fileRef = 51DCB7168F5B5B4AD7E58B0A /* Pods_Graygram.framework */; };
		8AB057491E8292660076DDFC /* PostService.swift in Sources */ = {isa = PBXBuildFile; fileRef = 8AB057481E8292660076DDFC /* PostService.swift */; };
		8AB0574B1E82A39E0076DDFC /* PostTileCell.swift in Sources */ = {isa = PBXBuildFile; fileRef = 8AB0574A1E82A39E0076DDFC /* PostTileCell.swift */; };
		8AB0574D1E82A6A90076DDFC /* FeedViewMode.swift in Sources */ = {isa = PBXBuildFile; fileRef = 8AB0574C1E82A6A90076DDFC /* FeedViewMode.swift */; };
		8AB0574F1E82AAD60076DDFC /* PostViewController.swift in Sources */ = {isa = PBXBuildFile; fileRef = 8AB0574E1E82AAD60076DDFC /* PostViewController.swift */; };
		8ADE0EBB1E7FF44700CE0EAA /* Assets.xcassets in Resources */ = {isa = PBXBuildFile; fileRef = 8ADE0EA21E7FF44700CE0EAA /* Assets.xcassets */; };
		8ADE0EBC1E7FF44700CE0EAA /* LaunchScreen.storyboard in Resources */ = {isa = PBXBuildFile; fileRef = 8ADE0EA31E7FF44700CE0EAA /* LaunchScreen.storyboard */; };
		8ADE0EBD1E7FF44700CE0EAA /* AppDelegate.swift in Sources */ = {isa = PBXBuildFile; fileRef = 8ADE0EA61E7FF44700CE0EAA /* AppDelegate.swift */; };
		8ADE0EBE1E7FF44700CE0EAA /* Post.swift in Sources */ = {isa = PBXBuildFile; fileRef = 8ADE0EA81E7FF44700CE0EAA /* Post.swift */; };
		8ADE0EBF1E7FF44700CE0EAA /* String+BoundingRect.swift in Sources */ = {isa = PBXBuildFile; fileRef = 8ADE0EAA1E7FF44700CE0EAA /* String+BoundingRect.swift */; };
		8ADE0EC01E7FF44700CE0EAA /* UIImage+Grayscaled.swift in Sources */ = {isa = PBXBuildFile; fileRef = 8ADE0EAB1E7FF44700CE0EAA /* UIImage+Grayscaled.swift */; };
		8ADE0EC11E7FF44700CE0EAA /* UIImageView+SetImageWithPhotoID.swift in Sources */ = {isa = PBXBuildFile; fileRef = 8ADE0EAC1E7FF44700CE0EAA /* UIImageView+SetImageWithPhotoID.swift */; };
		8ADE0EC21E7FF44700CE0EAA /* CropViewController.swift in Sources */ = {isa = PBXBuildFile; fileRef = 8ADE0EAE1E7FF44700CE0EAA /* CropViewController.swift */; };
		8ADE0EC31E7FF44700CE0EAA /* FeedViewController.swift in Sources */ = {isa = PBXBuildFile; fileRef = 8ADE0EAF1E7FF44700CE0EAA /* FeedViewController.swift */; };
		8ADE0EC41E7FF44700CE0EAA /* LoginViewController.swift in Sources */ = {isa = PBXBuildFile; fileRef = 8ADE0EB01E7FF44700CE0EAA /* LoginViewController.swift */; };
		8ADE0EC51E7FF44700CE0EAA /* MainTabBarController.swift in Sources */ = {isa = PBXBuildFile; fileRef = 8ADE0EB11E7FF44700CE0EAA /* MainTabBarController.swift */; };
		8ADE0EC61E7FF44700CE0EAA /* PostEditorViewController.swift in Sources */ = {isa = PBXBuildFile; fileRef = 8ADE0EB21E7FF44700CE0EAA /* PostEditorViewController.swift */; };
		8ADE0EC71E7FF44700CE0EAA /* SplashViewController.swift in Sources */ = {isa = PBXBuildFile; fileRef = 8ADE0EB31E7FF44700CE0EAA /* SplashViewController.swift */; };
		8ADE0EC81E7FF44700CE0EAA /* CollectionActivityIndicatorView.swift in Sources */ = {isa = PBXBuildFile; fileRef = 8ADE0EB51E7FF44700CE0EAA /* CollectionActivityIndicatorView.swift */; };
		8ADE0EC91E7FF44700CE0EAA /* PostCardCell.swift in Sources */ = {isa = PBXBuildFile; fileRef = 8ADE0EB61E7FF44700CE0EAA /* PostCardCell.swift */; };
		8ADE0ECA1E7FF44700CE0EAA /* PostEditorImageCell.swift in Sources */ = {isa = PBXBuildFile; fileRef = 8ADE0EB71E7FF44700CE0EAA /* PostEditorImageCell.swift */; };
		8ADE0ECB1E7FF44700CE0EAA /* PostEditorMessageCell.swift in Sources */ = {isa = PBXBuildFile; fileRef = 8ADE0EB81E7FF44700CE0EAA /* PostEditorMessageCell.swift */; };
		8ADE0ECF1E7FF5F300CE0EAA /* UserService.swift in Sources */ = {isa = PBXBuildFile; fileRef = 8ADE0ECE1E7FF5F300CE0EAA /* UserService.swift */; };
		8ADE0ED11E7FF83100CE0EAA /* User.swift in Sources */ = {isa = PBXBuildFile; fileRef = 8ADE0ED01E7FF83100CE0EAA /* User.swift */; };
		8ADE0ED31E8000E400CE0EAA /* MappingError.swift in Sources */ = {isa = PBXBuildFile; fileRef = 8ADE0ED21E8000E400CE0EAA /* MappingError.swift */; };
		8ADE0ED51E80027400CE0EAA /* DataResponse+MapResult.swift in Sources */ = {isa = PBXBuildFile; fileRef = 8ADE0ED41E80027400CE0EAA /* DataResponse+MapResult.swift */; };
		8ADE0ED71E800CF700CE0EAA /* FeedService.swift in Sources */ = {isa = PBXBuildFile; fileRef = 8ADE0ED61E800CF700CE0EAA /* FeedService.swift */; };
		8ADE0ED91E800DAC00CE0EAA /* Feed.swift in Sources */ = {isa = PBXBuildFile; fileRef = 8ADE0ED81E800DAC00CE0EAA /* Feed.swift */; };
		8ADE0EDB1E80102800CE0EAA /* Paging.swift in Sources */ = {isa = PBXBuildFile; fileRef = 8ADE0EDA1E80102800CE0EAA /* Paging.swift */; };
		8ADE0EDD1E80134100CE0EAA /* AuthService.swift in Sources */ = {isa = PBXBuildFile; fileRef = 8ADE0EDC1E80134100CE0EAA /* AuthService.swift */; };
/* End PBXBuildFile section */

/* Begin PBXFileReference section */
		51DCB7168F5B5B4AD7E58B0A /* Pods_Graygram.framework */ = {isa = PBXFileReference; explicitFileType = wrapper.framework; includeInIndex = 0; path = Pods_Graygram.framework; sourceTree = BUILT_PRODUCTS_DIR; };
		8AB057481E8292660076DDFC /* PostService.swift */ = {isa = PBXFileReference; fileEncoding = 4; lastKnownFileType = sourcecode.swift; path = PostService.swift; sourceTree = "<group>"; };
		8AB0574A1E82A39E0076DDFC /* PostTileCell.swift */ = {isa = PBXFileReference; fileEncoding = 4; lastKnownFileType = sourcecode.swift; path = PostTileCell.swift; sourceTree = "<group>"; };
		8AB0574C1E82A6A90076DDFC /* FeedViewMode.swift */ = {isa = PBXFileReference; fileEncoding = 4; lastKnownFileType = sourcecode.swift; path = FeedViewMode.swift; sourceTree = "<group>"; };
		8AB0574E1E82AAD60076DDFC /* PostViewController.swift */ = {isa = PBXFileReference; fileEncoding = 4; lastKnownFileType = sourcecode.swift; path = PostViewController.swift; sourceTree = "<group>"; };
		8AD639B91E5DA9A8008E51ED /* Graygram.app */ = {isa = PBXFileReference; explicitFileType = wrapper.application; includeInIndex = 0; path = Graygram.app; sourceTree = BUILT_PRODUCTS_DIR; };
		8ADE0EA21E7FF44700CE0EAA /* Assets.xcassets */ = {isa = PBXFileReference; lastKnownFileType = folder.assetcatalog; path = Assets.xcassets; sourceTree = "<group>"; };
		8ADE0EA41E7FF44700CE0EAA /* Base */ = {isa = PBXFileReference; lastKnownFileType = file.storyboard; name = Base; path = Base.lproj/LaunchScreen.storyboard; sourceTree = "<group>"; };
		8ADE0EA61E7FF44700CE0EAA /* AppDelegate.swift */ = {isa = PBXFileReference; fileEncoding = 4; lastKnownFileType = sourcecode.swift; path = AppDelegate.swift; sourceTree = "<group>"; };
		8ADE0EA81E7FF44700CE0EAA /* Post.swift */ = {isa = PBXFileReference; fileEncoding = 4; lastKnownFileType = sourcecode.swift; path = Post.swift; sourceTree = "<group>"; };
		8ADE0EAA1E7FF44700CE0EAA /* String+BoundingRect.swift */ = {isa = PBXFileReference; fileEncoding = 4; lastKnownFileType = sourcecode.swift; path = "String+BoundingRect.swift"; sourceTree = "<group>"; };
		8ADE0EAB1E7FF44700CE0EAA /* UIImage+Grayscaled.swift */ = {isa = PBXFileReference; fileEncoding = 4; lastKnownFileType = sourcecode.swift; path = "UIImage+Grayscaled.swift"; sourceTree = "<group>"; };
		8ADE0EAC1E7FF44700CE0EAA /* UIImageView+SetImageWithPhotoID.swift */ = {isa = PBXFileReference; fileEncoding = 4; lastKnownFileType = sourcecode.swift; path = "UIImageView+SetImageWithPhotoID.swift"; sourceTree = "<group>"; };
		8ADE0EAE1E7FF44700CE0EAA /* CropViewController.swift */ = {isa = PBXFileReference; fileEncoding = 4; lastKnownFileType = sourcecode.swift; path = CropViewController.swift; sourceTree = "<group>"; };
		8ADE0EAF1E7FF44700CE0EAA /* FeedViewController.swift */ = {isa = PBXFileReference; fileEncoding = 4; lastKnownFileType = sourcecode.swift; path = FeedViewController.swift; sourceTree = "<group>"; };
		8ADE0EB01E7FF44700CE0EAA /* LoginViewController.swift */ = {isa = PBXFileReference; fileEncoding = 4; lastKnownFileType = sourcecode.swift; path = LoginViewController.swift; sourceTree = "<group>"; };
		8ADE0EB11E7FF44700CE0EAA /* MainTabBarController.swift */ = {isa = PBXFileReference; fileEncoding = 4; lastKnownFileType = sourcecode.swift; path = MainTabBarController.swift; sourceTree = "<group>"; };
		8ADE0EB21E7FF44700CE0EAA /* PostEditorViewController.swift */ = {isa = PBXFileReference; fileEncoding = 4; lastKnownFileType = sourcecode.swift; path = PostEditorViewController.swift; sourceTree = "<group>"; };
		8ADE0EB31E7FF44700CE0EAA /* SplashViewController.swift */ = {isa = PBXFileReference; fileEncoding = 4; lastKnownFileType = sourcecode.swift; path = SplashViewController.swift; sourceTree = "<group>"; };
		8ADE0EB51E7FF44700CE0EAA /* CollectionActivityIndicatorView.swift */ = {isa = PBXFileReference; fileEncoding = 4; lastKnownFileType = sourcecode.swift; path = CollectionActivityIndicatorView.swift; sourceTree = "<group>"; };
		8ADE0EB61E7FF44700CE0EAA /* PostCardCell.swift */ = {isa = PBXFileReference; fileEncoding = 4; lastKnownFileType = sourcecode.swift; path = PostCardCell.swift; sourceTree = "<group>"; };
		8ADE0EB71E7FF44700CE0EAA /* PostEditorImageCell.swift */ = {isa = PBXFileReference; fileEncoding = 4; lastKnownFileType = sourcecode.swift; path = PostEditorImageCell.swift; sourceTree = "<group>"; };
		8ADE0EB81E7FF44700CE0EAA /* PostEditorMessageCell.swift */ = {isa = PBXFileReference; fileEncoding = 4; lastKnownFileType = sourcecode.swift; path = PostEditorMessageCell.swift; sourceTree = "<group>"; };
		8ADE0EBA1E7FF44700CE0EAA /* Info.plist */ = {isa = PBXFileReference; fileEncoding = 4; lastKnownFileType = text.plist.xml; path = Info.plist; sourceTree = "<group>"; };
		8ADE0ECE1E7FF5F300CE0EAA /* UserService.swift */ = {isa = PBXFileReference; fileEncoding = 4; lastKnownFileType = sourcecode.swift; path = UserService.swift; sourceTree = "<group>"; };
		8ADE0ED01E7FF83100CE0EAA /* User.swift */ = {isa = PBXFileReference; fileEncoding = 4; lastKnownFileType = sourcecode.swift; path = User.swift; sourceTree = "<group>"; };
		8ADE0ED21E8000E400CE0EAA /* MappingError.swift */ = {isa = PBXFileReference; fileEncoding = 4; lastKnownFileType = sourcecode.swift; path = MappingError.swift; sourceTree = "<group>"; };
		8ADE0ED41E80027400CE0EAA /* DataResponse+MapResult.swift */ = {isa = PBXFileReference; fileEncoding = 4; lastKnownFileType = sourcecode.swift; path = "DataResponse+MapResult.swift"; sourceTree = "<group>"; };
		8ADE0ED61E800CF700CE0EAA /* FeedService.swift */ = {isa = PBXFileReference; fileEncoding = 4; lastKnownFileType = sourcecode.swift; path = FeedService.swift; sourceTree = "<group>"; };
		8ADE0ED81E800DAC00CE0EAA /* Feed.swift */ = {isa = PBXFileReference; fileEncoding = 4; lastKnownFileType = sourcecode.swift; path = Feed.swift; sourceTree = "<group>"; };
		8ADE0EDA1E80102800CE0EAA /* Paging.swift */ = {isa = PBXFileReference; fileEncoding = 4; lastKnownFileType = sourcecode.swift; path = Paging.swift; sourceTree = "<group>"; };
		8ADE0EDC1E80134100CE0EAA /* AuthService.swift */ = {isa = PBXFileReference; fileEncoding = 4; lastKnownFileType = sourcecode.swift; path = AuthService.swift; sourceTree = "<group>"; };
		9C0D58869ED81A270921DE3C /* Pods-Graygram.release.xcconfig */ = {isa = PBXFileReference; includeInIndex = 1; lastKnownFileType = text.xcconfig; name = "Pods-Graygram.release.xcconfig"; path = "Pods/Target Support Files/Pods-Graygram/Pods-Graygram.release.xcconfig"; sourceTree = "<group>"; };
		D1686D676F7447273ED9F6B1 /* Pods-Graygram.debug.xcconfig */ = {isa = PBXFileReference; includeInIndex = 1; lastKnownFileType = text.xcconfig; name = "Pods-Graygram.debug.xcconfig"; path = "Pods/Target Support Files/Pods-Graygram/Pods-Graygram.debug.xcconfig"; sourceTree = "<group>"; };
/* End PBXFileReference section */

/* Begin PBXFrameworksBuildPhase section */
		8AD639B61E5DA9A8008E51ED /* Frameworks */ = {
			isa = PBXFrameworksBuildPhase;
			buildActionMask = 2147483647;
			files = (
				457285365B13D0E7469934B3 /* Pods_Graygram.framework in Frameworks */,
			);
			runOnlyForDeploymentPostprocessing = 0;
		};
/* End PBXFrameworksBuildPhase section */

/* Begin PBXGroup section */
		1C3FE19B4C2A1EA9E1A9B903 /* Frameworks */ = {
			isa = PBXGroup;
			children = (
				51DCB7168F5B5B4AD7E58B0A /* Pods_Graygram.framework */,
			);
			name = Frameworks;
			sourceTree = "<group>";
		};
		8AD639B01E5DA9A7008E51ED = {
			isa = PBXGroup;
			children = (
				8ADE0EA01E7FF44700CE0EAA /* Graygram */,
				8AD639BA1E5DA9A8008E51ED /* Products */,
				C7759A51917A44D03CC28ADF /* Pods */,
				1C3FE19B4C2A1EA9E1A9B903 /* Frameworks */,
			);
			sourceTree = "<group>";
		};
		8AD639BA1E5DA9A8008E51ED /* Products */ = {
			isa = PBXGroup;
			children = (
				8AD639B91E5DA9A8008E51ED /* Graygram.app */,
			);
			name = Products;
			sourceTree = "<group>";
		};
		8ADE0EA01E7FF44700CE0EAA /* Graygram */ = {
			isa = PBXGroup;
			children = (
				8ADE0EA51E7FF44700CE0EAA /* Sources */,
				8ADE0EA11E7FF44700CE0EAA /* Resources */,
				8ADE0EB91E7FF44700CE0EAA /* Supporting Files */,
			);
			path = Graygram;
			sourceTree = "<group>";
		};
		8ADE0EA11E7FF44700CE0EAA /* Resources */ = {
			isa = PBXGroup;
			children = (
				8ADE0EA21E7FF44700CE0EAA /* Assets.xcassets */,
				8ADE0EA31E7FF44700CE0EAA /* LaunchScreen.storyboard */,
			);
			path = Resources;
			sourceTree = "<group>";
		};
		8ADE0EA51E7FF44700CE0EAA /* Sources */ = {
			isa = PBXGroup;
			children = (
				8ADE0EA61E7FF44700CE0EAA /* AppDelegate.swift */,
				8ADE0EA71E7FF44700CE0EAA /* Models */,
				8ADE0EAD1E7FF44700CE0EAA /* ViewControllers */,
				8ADE0ECD1E7FF5B500CE0EAA /* Services */,
				8ADE0EA91E7FF44700CE0EAA /* Utils */,
				8ADE0EB41E7FF44700CE0EAA /* Views */,
				8ADE0ED21E8000E400CE0EAA /* MappingError.swift */,
				8ADE0EDA1E80102800CE0EAA /* Paging.swift */,
				8AB0574C1E82A6A90076DDFC /* FeedViewMode.swift */,
			);
			path = Sources;
			sourceTree = "<group>";
		};
		8ADE0EA71E7FF44700CE0EAA /* Models */ = {
			isa = PBXGroup;
			children = (
				8ADE0EA81E7FF44700CE0EAA /* Post.swift */,
				8ADE0ED01E7FF83100CE0EAA /* User.swift */,
				8ADE0ED81E800DAC00CE0EAA /* Feed.swift */,
			);
			path = Models;
			sourceTree = "<group>";
		};
		8ADE0EA91E7FF44700CE0EAA /* Utils */ = {
			isa = PBXGroup;
			children = (
				8ADE0EAA1E7FF44700CE0EAA /* String+BoundingRect.swift */,
				8ADE0EAB1E7FF44700CE0EAA /* UIImage+Grayscaled.swift */,
				8ADE0EAC1E7FF44700CE0EAA /* UIImageView+SetImageWithPhotoID.swift */,
				8ADE0ED41E80027400CE0EAA /* DataResponse+MapResult.swift */,
			);
			path = Utils;
			sourceTree = "<group>";
		};
		8ADE0EAD1E7FF44700CE0EAA /* ViewControllers */ = {
			isa = PBXGroup;
			children = (
				8ADE0EAE1E7FF44700CE0EAA /* CropViewController.swift */,
				8ADE0EAF1E7FF44700CE0EAA /* FeedViewController.swift */,
				8ADE0EB01E7FF44700CE0EAA /* LoginViewController.swift */,
				8ADE0EB11E7FF44700CE0EAA /* MainTabBarController.swift */,
				8ADE0EB21E7FF44700CE0EAA /* PostEditorViewController.swift */,
				8ADE0EB31E7FF44700CE0EAA /* SplashViewController.swift */,
				8AB0574E1E82AAD60076DDFC /* PostViewController.swift */,
			);
			path = ViewControllers;
			sourceTree = "<group>";
		};
		8ADE0EB41E7FF44700CE0EAA /* Views */ = {
			isa = PBXGroup;
			children = (
				8ADE0EB51E7FF44700CE0EAA /* CollectionActivityIndicatorView.swift */,
				8ADE0EB61E7FF44700CE0EAA /* PostCardCell.swift */,
				8ADE0EB71E7FF44700CE0EAA /* PostEditorImageCell.swift */,
				8ADE0EB81E7FF44700CE0EAA /* PostEditorMessageCell.swift */,
				8AB0574A1E82A39E0076DDFC /* PostTileCell.swift */,
			);
			path = Views;
			sourceTree = "<group>";
		};
		8ADE0EB91E7FF44700CE0EAA /* Supporting Files */ = {
			isa = PBXGroup;
			children = (
				8ADE0EBA1E7FF44700CE0EAA /* Info.plist */,
			);
			path = "Supporting Files";
			sourceTree = "<group>";
		};
		8ADE0ECD1E7FF5B500CE0EAA /* Services */ = {
			isa = PBXGroup;
			children = (
				8ADE0ECE1E7FF5F300CE0EAA /* UserService.swift */,
				8ADE0ED61E800CF700CE0EAA /* FeedService.swift */,
				8ADE0EDC1E80134100CE0EAA /* AuthService.swift */,
				8AB057481E8292660076DDFC /* PostService.swift */,
			);
			path = Services;
			sourceTree = "<group>";
		};
		C7759A51917A44D03CC28ADF /* Pods */ = {
			isa = PBXGroup;
			children = (
				D1686D676F7447273ED9F6B1 /* Pods-Graygram.debug.xcconfig */,
				9C0D58869ED81A270921DE3C /* Pods-Graygram.release.xcconfig */,
			);
			name = Pods;
			sourceTree = "<group>";
		};
/* End PBXGroup section */

/* Begin PBXNativeTarget section */
		8AD639B81E5DA9A8008E51ED /* Graygram */ = {
			isa = PBXNativeTarget;
			buildConfigurationList = 8AD639CB1E5DA9A8008E51ED /* Build configuration list for PBXNativeTarget "Graygram" */;
			buildPhases = (
				72C99118FEED97BCB2E1136C /* [CP] Check Pods Manifest.lock */,
				8AD639B51E5DA9A8008E51ED /* Sources */,
				8AD639B61E5DA9A8008E51ED /* Frameworks */,
				8AD639B71E5DA9A8008E51ED /* Resources */,
				9F9BAF7AC25893E0BE447161 /* [CP] Embed Pods Frameworks */,
				0C9989A40448B79269955A7A /* [CP] Copy Pods Resources */,
			);
			buildRules = (
			);
			dependencies = (
			);
			name = Graygram;
			productName = Graygram;
			productReference = 8AD639B91E5DA9A8008E51ED /* Graygram.app */;
			productType = "com.apple.product-type.application";
		};
/* End PBXNativeTarget section */

/* Begin PBXProject section */
		8AD639B11E5DA9A7008E51ED /* Project object */ = {
			isa = PBXProject;
			attributes = {
				LastSwiftUpdateCheck = 0820;
				LastUpgradeCheck = 0820;
				ORGANIZATIONNAME = Dev.MJ;
				TargetAttributes = {
					8AD639B81E5DA9A8008E51ED = {
						CreatedOnToolsVersion = 8.2.1;
						DevelopmentTeam = 78F59JC234;
						ProvisioningStyle = Automatic;
					};
				};
			};
			buildConfigurationList = 8AD639B41E5DA9A7008E51ED /* Build configuration list for PBXProject "Graygram" */;
			compatibilityVersion = "Xcode 3.2";
			developmentRegion = English;
			hasScannedForEncodings = 0;
			knownRegions = (
				en,
				Base,
			);
			mainGroup = 8AD639B01E5DA9A7008E51ED;
			productRefGroup = 8AD639BA1E5DA9A8008E51ED /* Products */;
			projectDirPath = "";
			projectRoot = "";
			targets = (
				8AD639B81E5DA9A8008E51ED /* Graygram */,
			);
		};
/* End PBXProject section */

/* Begin PBXResourcesBuildPhase section */
		8AD639B71E5DA9A8008E51ED /* Resources */ = {
			isa = PBXResourcesBuildPhase;
			buildActionMask = 2147483647;
			files = (
				8ADE0EBB1E7FF44700CE0EAA /* Assets.xcassets in Resources */,
				8ADE0EBC1E7FF44700CE0EAA /* LaunchScreen.storyboard in Resources */,
			);
			runOnlyForDeploymentPostprocessing = 0;
		};
/* End PBXResourcesBuildPhase section */

/* Begin PBXShellScriptBuildPhase section */
		0C9989A40448B79269955A7A /* [CP] Copy Pods Resources */ = {
			isa = PBXShellScriptBuildPhase;
			buildActionMask = 2147483647;
			files = (
			);
			inputPaths = (
			);
			name = "[CP] Copy Pods Resources";
			outputPaths = (
			);
			runOnlyForDeploymentPostprocessing = 0;
			shellPath = /bin/sh;
			shellScript = "\"${SRCROOT}/Pods/Target Support Files/Pods-Graygram/Pods-Graygram-resources.sh\"\n";
			showEnvVarsInLog = 0;
		};
		72C99118FEED97BCB2E1136C /* [CP] Check Pods Manifest.lock */ = {
			isa = PBXShellScriptBuildPhase;
			buildActionMask = 2147483647;
			files = (
			);
			inputPaths = (
			);
			name = "[CP] Check Pods Manifest.lock";
			outputPaths = (
			);
			runOnlyForDeploymentPostprocessing = 0;
			shellPath = /bin/sh;
			shellScript = "diff \"${PODS_ROOT}/../Podfile.lock\" \"${PODS_ROOT}/Manifest.lock\" > /dev/null\nif [ $? != 0 ] ; then\n    # print error to STDERR\n    echo \"error: The sandbox is not in sync with the Podfile.lock. Run 'pod install' or update your CocoaPods installation.\" >&2\n    exit 1\nfi\n";
			showEnvVarsInLog = 0;
		};
		9F9BAF7AC25893E0BE447161 /* [CP] Embed Pods Frameworks */ = {
			isa = PBXShellScriptBuildPhase;
			buildActionMask = 2147483647;
			files = (
			);
			inputPaths = (
			);
			name = "[CP] Embed Pods Frameworks";
			outputPaths = (
			);
			runOnlyForDeploymentPostprocessing = 0;
			shellPath = /bin/sh;
			shellScript = "\"${SRCROOT}/Pods/Target Support Files/Pods-Graygram/Pods-Graygram-frameworks.sh\"\n";
			showEnvVarsInLog = 0;
		};
/* End PBXShellScriptBuildPhase section */

/* Begin PBXSourcesBuildPhase section */
		8AD639B51E5DA9A8008E51ED /* Sources */ = {
			isa = PBXSourcesBuildPhase;
			buildActionMask = 2147483647;
			files = (
				8ADE0ECA1E7FF44700CE0EAA /* PostEditorImageCell.swift in Sources */,
				8ADE0EDD1E80134100CE0EAA /* AuthService.swift in Sources */,
				8ADE0ED31E8000E400CE0EAA /* MappingError.swift in Sources */,
				8ADE0EBD1E7FF44700CE0EAA /* AppDelegate.swift in Sources */,
				8ADE0EC81E7FF44700CE0EAA /* CollectionActivityIndicatorView.swift in Sources */,
				8ADE0EC91E7FF44700CE0EAA /* PostCardCell.swift in Sources */,
				8ADE0EC61E7FF44700CE0EAA /* PostEditorViewController.swift in Sources */,
				8ADE0EBF1E7FF44700CE0EAA /* String+BoundingRect.swift in Sources */,
				8ADE0EC51E7FF44700CE0EAA /* MainTabBarController.swift in Sources */,
				8ADE0ED11E7FF83100CE0EAA /* User.swift in Sources */,
				8ADE0EDB1E80102800CE0EAA /* Paging.swift in Sources */,
				8ADE0ED71E800CF700CE0EAA /* FeedService.swift in Sources */,
				8ADE0ED91E800DAC00CE0EAA /* Feed.swift in Sources */,
				8ADE0EC21E7FF44700CE0EAA /* CropViewController.swift in Sources */,
				8ADE0EC01E7FF44700CE0EAA /* UIImage+Grayscaled.swift in Sources */,
				8ADE0EC41E7FF44700CE0EAA /* LoginViewController.swift in Sources */,
				8ADE0ED51E80027400CE0EAA /* DataResponse+MapResult.swift in Sources */,
				8AB0574D1E82A6A90076DDFC /* FeedViewMode.swift in Sources */,
				8AB0574F1E82AAD60076DDFC /* PostViewController.swift in Sources */,
				8ADE0EC11E7FF44700CE0EAA /* UIImageView+SetImageWithPhotoID.swift in Sources */,
				8ADE0EBE1E7FF44700CE0EAA /* Post.swift in Sources */,
				8AB057491E8292660076DDFC /* PostService.swift in Sources */,
				8ADE0ECF1E7FF5F300CE0EAA /* UserService.swift in Sources */,
				8ADE0EC31E7FF44700CE0EAA /* FeedViewController.swift in Sources */,
				8ADE0EC71E7FF44700CE0EAA /* SplashViewController.swift in Sources */,
				8ADE0ECB1E7FF44700CE0EAA /* PostEditorMessageCell.swift in Sources */,
				8AB0574B1E82A39E0076DDFC /* PostTileCell.swift in Sources */,
			);
			runOnlyForDeploymentPostprocessing = 0;
		};
/* End PBXSourcesBuildPhase section */

/* Begin PBXVariantGroup section */
		8ADE0EA31E7FF44700CE0EAA /* LaunchScreen.storyboard */ = {
			isa = PBXVariantGroup;
			children = (
				8ADE0EA41E7FF44700CE0EAA /* Base */,
			);
			name = LaunchScreen.storyboard;
			sourceTree = "<group>";
		};
/* End PBXVariantGroup section */

/* Begin XCBuildConfiguration section */
		8AD639C91E5DA9A8008E51ED /* Debug */ = {
			isa = XCBuildConfiguration;
			buildSettings = {
				ALWAYS_SEARCH_USER_PATHS = NO;
				CLANG_ANALYZER_NONNULL = YES;
				CLANG_CXX_LANGUAGE_STANDARD = "gnu++0x";
				CLANG_CXX_LIBRARY = "libc++";
				CLANG_ENABLE_MODULES = YES;
				CLANG_ENABLE_OBJC_ARC = YES;
				CLANG_WARN_BOOL_CONVERSION = YES;
				CLANG_WARN_CONSTANT_CONVERSION = YES;
				CLANG_WARN_DIRECT_OBJC_ISA_USAGE = YES_ERROR;
				CLANG_WARN_DOCUMENTATION_COMMENTS = YES;
				CLANG_WARN_EMPTY_BODY = YES;
				CLANG_WARN_ENUM_CONVERSION = YES;
				CLANG_WARN_INFINITE_RECURSION = YES;
				CLANG_WARN_INT_CONVERSION = YES;
				CLANG_WARN_OBJC_ROOT_CLASS = YES_ERROR;
				CLANG_WARN_SUSPICIOUS_MOVE = YES;
				CLANG_WARN_UNREACHABLE_CODE = YES;
				CLANG_WARN__DUPLICATE_METHOD_MATCH = YES;
				"CODE_SIGN_IDENTITY[sdk=iphoneos*]" = "iPhone Developer";
				COPY_PHASE_STRIP = NO;
				DEBUG_INFORMATION_FORMAT = dwarf;
				ENABLE_STRICT_OBJC_MSGSEND = YES;
				ENABLE_TESTABILITY = YES;
				GCC_C_LANGUAGE_STANDARD = gnu99;
				GCC_DYNAMIC_NO_PIC = NO;
				GCC_NO_COMMON_BLOCKS = YES;
				GCC_OPTIMIZATION_LEVEL = 0;
				GCC_PREPROCESSOR_DEFINITIONS = (
					"DEBUG=1",
					"$(inherited)",
				);
				GCC_WARN_64_TO_32_BIT_CONVERSION = YES;
				GCC_WARN_ABOUT_RETURN_TYPE = YES_ERROR;
				GCC_WARN_UNDECLARED_SELECTOR = YES;
				GCC_WARN_UNINITIALIZED_AUTOS = YES_AGGRESSIVE;
				GCC_WARN_UNUSED_FUNCTION = YES;
				GCC_WARN_UNUSED_VARIABLE = YES;
				IPHONEOS_DEPLOYMENT_TARGET = 10.2;
				MTL_ENABLE_DEBUG_INFO = YES;
				ONLY_ACTIVE_ARCH = YES;
				SDKROOT = iphoneos;
				SWIFT_ACTIVE_COMPILATION_CONDITIONS = DEBUG;
				SWIFT_OPTIMIZATION_LEVEL = "-Onone";
			};
			name = Debug;
		};
		8AD639CA1E5DA9A8008E51ED /* Release */ = {
			isa = XCBuildConfiguration;
			buildSettings = {
				ALWAYS_SEARCH_USER_PATHS = NO;
				CLANG_ANALYZER_NONNULL = YES;
				CLANG_CXX_LANGUAGE_STANDARD = "gnu++0x";
				CLANG_CXX_LIBRARY = "libc++";
				CLANG_ENABLE_MODULES = YES;
				CLANG_ENABLE_OBJC_ARC = YES;
				CLANG_WARN_BOOL_CONVERSION = YES;
				CLANG_WARN_CONSTANT_CONVERSION = YES;
				CLANG_WARN_DIRECT_OBJC_ISA_USAGE = YES_ERROR;
				CLANG_WARN_DOCUMENTATION_COMMENTS = YES;
				CLANG_WARN_EMPTY_BODY = YES;
				CLANG_WARN_ENUM_CONVERSION = YES;
				CLANG_WARN_INFINITE_RECURSION = YES;
				CLANG_WARN_INT_CONVERSION = YES;
				CLANG_WARN_OBJC_ROOT_CLASS = YES_ERROR;
				CLANG_WARN_SUSPICIOUS_MOVE = YES;
				CLANG_WARN_UNREACHABLE_CODE = YES;
				CLANG_WARN__DUPLICATE_METHOD_MATCH = YES;
				"CODE_SIGN_IDENTITY[sdk=iphoneos*]" = "iPhone Developer";
				COPY_PHASE_STRIP = NO;
				DEBUG_INFORMATION_FORMAT = "dwarf-with-dsym";
				ENABLE_NS_ASSERTIONS = NO;
				ENABLE_STRICT_OBJC_MSGSEND = YES;
				GCC_C_LANGUAGE_STANDARD = gnu99;
				GCC_NO_COMMON_BLOCKS = YES;
				GCC_WARN_64_TO_32_BIT_CONVERSION = YES;
				GCC_WARN_ABOUT_RETURN_TYPE = YES_ERROR;
				GCC_WARN_UNDECLARED_SELECTOR = YES;
				GCC_WARN_UNINITIALIZED_AUTOS = YES_AGGRESSIVE;
				GCC_WARN_UNUSED_FUNCTION = YES;
				GCC_WARN_UNUSED_VARIABLE = YES;
				IPHONEOS_DEPLOYMENT_TARGET = 10.2;
				MTL_ENABLE_DEBUG_INFO = NO;
				SDKROOT = iphoneos;
				SWIFT_OPTIMIZATION_LEVEL = "-Owholemodule";
				VALIDATE_PRODUCT = YES;
			};
			name = Release;
		};
		8AD639CC1E5DA9A8008E51ED /* Debug */ = {
			isa = XCBuildConfiguration;
			baseConfigurationReference = D1686D676F7447273ED9F6B1 /* Pods-Graygram.debug.xcconfig */;
			buildSettings = {
				ASSETCATALOG_COMPILER_APPICON_NAME = AppIcon;
				DEVELOPMENT_TEAM = 78F59JC234;
				INFOPLIST_FILE = "$(SRCROOT)/Graygram/Supporting Files/Info.plist";
				LD_RUNPATH_SEARCH_PATHS = "$(inherited) @executable_path/Frameworks";
				PRODUCT_BUNDLE_IDENTIFIER = Dev.MJ.Graygram;
				PRODUCT_NAME = "$(TARGET_NAME)";
				SWIFT_VERSION = 3.0;
			};
			name = Debug;
		};
		8AD639CD1E5DA9A8008E51ED /* Release */ = {
			isa = XCBuildConfiguration;
			baseConfigurationReference = 9C0D58869ED81A270921DE3C /* Pods-Graygram.release.xcconfig */;
			buildSettings = {
				ASSETCATALOG_COMPILER_APPICON_NAME = AppIcon;
				DEVELOPMENT_TEAM = 78F59JC234;
				INFOPLIST_FILE = "$(SRCROOT)/Graygram/Supporting Files/Info.plist";
				LD_RUNPATH_SEARCH_PATHS = "$(inherited) @executable_path/Frameworks";
				PRODUCT_BUNDLE_IDENTIFIER = Dev.MJ.Graygram;
				PRODUCT_NAME = "$(TARGET_NAME)";
				SWIFT_VERSION = 3.0;
			};
			name = Release;
		};
/* End XCBuildConfiguration section */

/* Begin XCConfigurationList section */
		8AD639B41E5DA9A7008E51ED /* Build configuration list for PBXProject "Graygram" */ = {
			isa = XCConfigurationList;
			buildConfigurations = (
				8AD639C91E5DA9A8008E51ED /* Debug */,
				8AD639CA1E5DA9A8008E51ED /* Release */,
			);
			defaultConfigurationIsVisible = 0;
			defaultConfigurationName = Release;
		};
		8AD639CB1E5DA9A8008E51ED /* Build configuration list for PBXNativeTarget "Graygram" */ = {
			isa = XCConfigurationList;
			buildConfigurations = (
				8AD639CC1E5DA9A8008E51ED /* Debug */,
				8AD639CD1E5DA9A8008E51ED /* Release */,
			);
			defaultConfigurationIsVisible = 0;
			defaultConfigurationName = Release;
		};
/* End XCConfigurationList section */
	};
	rootObject = 8AD639B11E5DA9A7008E51ED /* Project object */;
}
