// !$*UTF8*$!
{
	archiveVersion = 1;
	classes = {
	};
	objectVersion = 46;
	objects = {

/* Begin PBXBuildFile section */
		457285365B13D0E7469934B3 /* Pods_Graygram.framework in Frameworks */ = {isa = PBXBuildFile; fileRef = 51DCB7168F5B5B4AD7E58B0A /* Pods_Graygram.framework */; };
		8A018DF21E6D7B1300BDEEC6 /* LoginViewController.swift in Sources */ = {isa = PBXBuildFile; fileRef = 8A018DF11E6D7B1300BDEEC6 /* LoginViewController.swift */; };
		8A018DF41E6D96D300BDEEC6 /* SplashViewController.swift in Sources */ = {isa = PBXBuildFile; fileRef = 8A018DF31E6D96D300BDEEC6 /* SplashViewController.swift */; };
		8A5D5C921E64566A00F77DAA /* CollectionActivityIndicatorView.swift in Sources */ = {isa = PBXBuildFile; fileRef = 8A5D5C911E64566A00F77DAA /* CollectionActivityIndicatorView.swift */; };
		8A6070F31E70444600B90231 /* MainTabBarController.swift in Sources */ = {isa = PBXBuildFile; fileRef = 8A6070F21E70444600B90231 /* MainTabBarController.swift */; };
		8A68587A1E76BE5200DAE6A7 /* UIImage+Grayscaled.swift in Sources */ = {isa = PBXBuildFile; fileRef = 8A6858791E76BE5200DAE6A7 /* UIImage+Grayscaled.swift */; };
		8A68587C1E76C52700DAE6A7 /* CropViewController.swift in Sources */ = {isa = PBXBuildFile; fileRef = 8A68587B1E76C52700DAE6A7 /* CropViewController.swift */; };
		8A79BBE71E5DB7A8001D8C31 /* Post.swift in Sources */ = {isa = PBXBuildFile; fileRef = 8A79BBE61E5DB7A8001D8C31 /* Post.swift */; };
		8A79BBE91E5DBE18001D8C31 /* PostCardCell.swift in Sources */ = {isa = PBXBuildFile; fileRef = 8A79BBE81E5DBE18001D8C31 /* PostCardCell.swift */; };
		8A79BBEB1E5DCD01001D8C31 /* UIImageView+SetImageWithPhotoID.swift in Sources */ = {isa = PBXBuildFile; fileRef = 8A79BBEA1E5DCD01001D8C31 /* UIImageView+SetImageWithPhotoID.swift */; };
		8AD639BD1E5DA9A8008E51ED /* AppDelegate.swift in Sources */ = {isa = PBXBuildFile; fileRef = 8AD639BC1E5DA9A8008E51ED /* AppDelegate.swift */; };
		8AD639BF1E5DA9A8008E51ED /* FeedViewController.swift in Sources */ = {isa = PBXBuildFile; fileRef = 8AD639BE1E5DA9A8008E51ED /* FeedViewController.swift */; };
		8AD639C41E5DA9A8008E51ED /* Assets.xcassets in Resources */ = {isa = PBXBuildFile; fileRef = 8AD639C31E5DA9A8008E51ED /* Assets.xcassets */; };
		8AD639C71E5DA9A8008E51ED /* LaunchScreen.storyboard in Resources */ = {isa = PBXBuildFile; fileRef = 8AD639C51E5DA9A8008E51ED /* LaunchScreen.storyboard */; };
/* End PBXBuildFile section */

/* Begin PBXFileReference section */
		51DCB7168F5B5B4AD7E58B0A /* Pods_Graygram.framework */ = {isa = PBXFileReference; explicitFileType = wrapper.framework; includeInIndex = 0; path = Pods_Graygram.framework; sourceTree = BUILT_PRODUCTS_DIR; };
		8A018DF11E6D7B1300BDEEC6 /* LoginViewController.swift */ = {isa = PBXFileReference; fileEncoding = 4; lastKnownFileType = sourcecode.swift; path = LoginViewController.swift; sourceTree = "<group>"; };
		8A018DF31E6D96D300BDEEC6 /* SplashViewController.swift */ = {isa = PBXFileReference; fileEncoding = 4; lastKnownFileType = sourcecode.swift; path = SplashViewController.swift; sourceTree = "<group>"; };
		8A5D5C911E64566A00F77DAA /* CollectionActivityIndicatorView.swift */ = {isa = PBXFileReference; fileEncoding = 4; lastKnownFileType = sourcecode.swift; path = CollectionActivityIndicatorView.swift; sourceTree = "<group>"; };
		8A6070F21E70444600B90231 /* MainTabBarController.swift */ = {isa = PBXFileReference; fileEncoding = 4; lastKnownFileType = sourcecode.swift; path = MainTabBarController.swift; sourceTree = "<group>"; };
		8A6858791E76BE5200DAE6A7 /* UIImage+Grayscaled.swift */ = {isa = PBXFileReference; fileEncoding = 4; lastKnownFileType = sourcecode.swift; path = "UIImage+Grayscaled.swift"; sourceTree = "<group>"; };
		8A68587B1E76C52700DAE6A7 /* CropViewController.swift */ = {isa = PBXFileReference; fileEncoding = 4; lastKnownFileType = sourcecode.swift; path = CropViewController.swift; sourceTree = "<group>"; };
		8A79BBE61E5DB7A8001D8C31 /* Post.swift */ = {isa = PBXFileReference; fileEncoding = 4; lastKnownFileType = sourcecode.swift; path = Post.swift; sourceTree = "<group>"; };
		8A79BBE81E5DBE18001D8C31 /* PostCardCell.swift */ = {isa = PBXFileReference; fileEncoding = 4; lastKnownFileType = sourcecode.swift; path = PostCardCell.swift; sourceTree = "<group>"; };
		8A79BBEA1E5DCD01001D8C31 /* UIImageView+SetImageWithPhotoID.swift */ = {isa = PBXFileReference; fileEncoding = 4; lastKnownFileType = sourcecode.swift; path = "UIImageView+SetImageWithPhotoID.swift"; sourceTree = "<group>"; };
		8AD639B91E5DA9A8008E51ED /* Graygram.app */ = {isa = PBXFileReference; explicitFileType = wrapper.application; includeInIndex = 0; path = Graygram.app; sourceTree = BUILT_PRODUCTS_DIR; };
		8AD639BC1E5DA9A8008E51ED /* AppDelegate.swift */ = {isa = PBXFileReference; lastKnownFileType = sourcecode.swift; path = AppDelegate.swift; sourceTree = "<group>"; };
		8AD639BE1E5DA9A8008E51ED /* FeedViewController.swift */ = {isa = PBXFileReference; lastKnownFileType = sourcecode.swift; path = FeedViewController.swift; sourceTree = "<group>"; };
		8AD639C31E5DA9A8008E51ED /* Assets.xcassets */ = {isa = PBXFileReference; lastKnownFileType = folder.assetcatalog; path = Assets.xcassets; sourceTree = "<group>"; };
		8AD639C61E5DA9A8008E51ED /* Base */ = {isa = PBXFileReference; lastKnownFileType = file.storyboard; name = Base; path = Base.lproj/LaunchScreen.storyboard; sourceTree = "<group>"; };
		8AD639C81E5DA9A8008E51ED /* Info.plist */ = {isa = PBXFileReference; lastKnownFileType = text.plist.xml; path = Info.plist; sourceTree = "<group>"; };
		9C0D58869ED81A270921DE3C /* Pods-Graygram.release.xcconfig */ = {isa = PBXFileReference; includeInIndex = 1; lastKnownFileType = text.xcconfig; name = "Pods-Graygram.release.xcconfig"; path = "Pods/Target Support Files/Pods-Graygram/Pods-Graygram.release.xcconfig"; sourceTree = "<group>"; };
		D1686D676F7447273ED9F6B1 /* Pods-Graygram.debug.xcconfig */ = {isa = PBXFileReference; includeInIndex = 1; lastKnownFileType = text.xcconfig; name = "Pods-Graygram.debug.xcconfig"; path = "Pods/Target Support Files/Pods-Graygram/Pods-Graygram.debug.xcconfig"; sourceTree = "<group>"; };
/* End PBXFileReference section */

/* Begin PBXFrameworksBuildPhase section */
		8AD639B61E5DA9A8008E51ED /* Frameworks */ = {
			isa = PBXFrameworksBuildPhase;
			buildActionMask = 2147483647;
			files = (
				457285365B13D0E7469934B3 /* Pods_Graygram.framework in Frameworks */,
			);
			runOnlyForDeploymentPostprocessing = 0;
		};
/* End PBXFrameworksBuildPhase section */

/* Begin PBXGroup section */
		1C3FE19B4C2A1EA9E1A9B903 /* Frameworks */ = {
			isa = PBXGroup;
			children = (
				51DCB7168F5B5B4AD7E58B0A /* Pods_Graygram.framework */,
			);
			name = Frameworks;
			sourceTree = "<group>";
		};
		8AD639B01E5DA9A7008E51ED = {
			isa = PBXGroup;
			children = (
				8AD639BB1E5DA9A8008E51ED /* Graygram */,
				8AD639BA1E5DA9A8008E51ED /* Products */,
				C7759A51917A44D03CC28ADF /* Pods */,
				1C3FE19B4C2A1EA9E1A9B903 /* Frameworks */,
			);
			sourceTree = "<group>";
		};
		8AD639BA1E5DA9A8008E51ED /* Products */ = {
			isa = PBXGroup;
			children = (
				8AD639B91E5DA9A8008E51ED /* Graygram.app */,
			);
			name = Products;
			sourceTree = "<group>";
		};
		8AD639BB1E5DA9A8008E51ED /* Graygram */ = {
			isa = PBXGroup;
			children = (
				8AD639BC1E5DA9A8008E51ED /* AppDelegate.swift */,
				8AD639BE1E5DA9A8008E51ED /* FeedViewController.swift */,
				8AD639C31E5DA9A8008E51ED /* Assets.xcassets */,
				8AD639C51E5DA9A8008E51ED /* LaunchScreen.storyboard */,
				8AD639C81E5DA9A8008E51ED /* Info.plist */,
				8A79BBE61E5DB7A8001D8C31 /* Post.swift */,
				8A79BBE81E5DBE18001D8C31 /* PostCardCell.swift */,
				8A79BBEA1E5DCD01001D8C31 /* UIImageView+SetImageWithPhotoID.swift */,
				8A5D5C911E64566A00F77DAA /* CollectionActivityIndicatorView.swift */,
				8A018DF11E6D7B1300BDEEC6 /* LoginViewController.swift */,
				8A018DF31E6D96D300BDEEC6 /* SplashViewController.swift */,
				8A6070F21E70444600B90231 /* MainTabBarController.swift */,
				8A6858791E76BE5200DAE6A7 /* UIImage+Grayscaled.swift */,
				8A68587B1E76C52700DAE6A7 /* CropViewController.swift */,
			);
			path = Graygram;
			sourceTree = "<group>";
		};
		C7759A51917A44D03CC28ADF /* Pods */ = {
			isa = PBXGroup;
			children = (
				D1686D676F7447273ED9F6B1 /* Pods-Graygram.debug.xcconfig */,
				9C0D58869ED81A270921DE3C /* Pods-Graygram.release.xcconfig */,
			);
			name = Pods;
			sourceTree = "<group>";
		};
/* End PBXGroup section */

/* Begin PBXNativeTarget section */
		8AD639B81E5DA9A8008E51ED /* Graygram */ = {
			isa = PBXNativeTarget;
			buildConfigurationList = 8AD639CB1E5DA9A8008E51ED /* Build configuration list for PBXNativeTarget "Graygram" */;
			buildPhases = (
				72C99118FEED97BCB2E1136C /* [CP] Check Pods Manifest.lock */,
				8AD639B51E5DA9A8008E51ED /* Sources */,
				8AD639B61E5DA9A8008E51ED /* Frameworks */,
				8AD639B71E5DA9A8008E51ED /* Resources */,
				9F9BAF7AC25893E0BE447161 /* [CP] Embed Pods Frameworks */,
				0C9989A40448B79269955A7A /* [CP] Copy Pods Resources */,
			);
			buildRules = (
			);
			dependencies = (
			);
			name = Graygram;
			productName = Graygram;
			productReference = 8AD639B91E5DA9A8008E51ED /* Graygram.app */;
			productType = "com.apple.product-type.application";
		};
/* End PBXNativeTarget section */

/* Begin PBXProject section */
		8AD639B11E5DA9A7008E51ED /* Project object */ = {
			isa = PBXProject;
			attributes = {
				LastSwiftUpdateCheck = 0820;
				LastUpgradeCheck = 0820;
				ORGANIZATIONNAME = Dev.MJ;
				TargetAttributes = {
					8AD639B81E5DA9A8008E51ED = {
						CreatedOnToolsVersion = 8.2.1;
						DevelopmentTeam = 78F59JC234;
						ProvisioningStyle = Automatic;
					};
				};
			};
			buildConfigurationList = 8AD639B41E5DA9A7008E51ED /* Build configuration list for PBXProject "Graygram" */;
			compatibilityVersion = "Xcode 3.2";
			developmentRegion = English;
			hasScannedForEncodings = 0;
			knownRegions = (
				en,
				Base,
			);
			mainGroup = 8AD639B01E5DA9A7008E51ED;
			productRefGroup = 8AD639BA1E5DA9A8008E51ED /* Products */;
			projectDirPath = "";
			projectRoot = "";
			targets = (
				8AD639B81E5DA9A8008E51ED /* Graygram */,
			);
		};
/* End PBXProject section */

/* Begin PBXResourcesBuildPhase section */
		8AD639B71E5DA9A8008E51ED /* Resources */ = {
			isa = PBXResourcesBuildPhase;
			buildActionMask = 2147483647;
			files = (
				8AD639C71E5DA9A8008E51ED /* LaunchScreen.storyboard in Resources */,
				8AD639C41E5DA9A8008E51ED /* Assets.xcassets in Resources */,
			);
			runOnlyForDeploymentPostprocessing = 0;
		};
/* End PBXResourcesBuildPhase section */

/* Begin PBXShellScriptBuildPhase section */
		0C9989A40448B79269955A7A /* [CP] Copy Pods Resources */ = {
			isa = PBXShellScriptBuildPhase;
			buildActionMask = 2147483647;
			files = (
			);
			inputPaths = (
			);
			name = "[CP] Copy Pods Resources";
			outputPaths = (
			);
			runOnlyForDeploymentPostprocessing = 0;
			shellPath = /bin/sh;
			shellScript = "\"${SRCROOT}/Pods/Target Support Files/Pods-Graygram/Pods-Graygram-resources.sh\"\n";
			showEnvVarsInLog = 0;
		};
		72C99118FEED97BCB2E1136C /* [CP] Check Pods Manifest.lock */ = {
			isa = PBXShellScriptBuildPhase;
			buildActionMask = 2147483647;
			files = (
			);
			inputPaths = (
			);
			name = "[CP] Check Pods Manifest.lock";
			outputPaths = (
			);
			runOnlyForDeploymentPostprocessing = 0;
			shellPath = /bin/sh;
			shellScript = "diff \"${PODS_ROOT}/../Podfile.lock\" \"${PODS_ROOT}/Manifest.lock\" > /dev/null\nif [ $? != 0 ] ; then\n    # print error to STDERR\n    echo \"error: The sandbox is not in sync with the Podfile.lock. Run 'pod install' or update your CocoaPods installation.\" >&2\n    exit 1\nfi\n";
			showEnvVarsInLog = 0;
		};
		9F9BAF7AC25893E0BE447161 /* [CP] Embed Pods Frameworks */ = {
			isa = PBXShellScriptBuildPhase;
			buildActionMask = 2147483647;
			files = (
			);
			inputPaths = (
			);
			name = "[CP] Embed Pods Frameworks";
			outputPaths = (
			);
			runOnlyForDeploymentPostprocessing = 0;
			shellPath = /bin/sh;
			shellScript = "\"${SRCROOT}/Pods/Target Support Files/Pods-Graygram/Pods-Graygram-frameworks.sh\"\n";
			showEnvVarsInLog = 0;
		};
/* End PBXShellScriptBuildPhase section */

/* Begin PBXSourcesBuildPhase section */
		8AD639B51E5DA9A8008E51ED /* Sources */ = {
			isa = PBXSourcesBuildPhase;
			buildActionMask = 2147483647;
			files = (
				8A68587A1E76BE5200DAE6A7 /* UIImage+Grayscaled.swift in Sources */,
				8A018DF21E6D7B1300BDEEC6 /* LoginViewController.swift in Sources */,
				8A79BBE71E5DB7A8001D8C31 /* Post.swift in Sources */,
				8A6070F31E70444600B90231 /* MainTabBarController.swift in Sources */,
				8A5D5C921E64566A00F77DAA /* CollectionActivityIndicatorView.swift in Sources */,
				8A79BBE91E5DBE18001D8C31 /* PostCardCell.swift in Sources */,
				8AD639BF1E5DA9A8008E51ED /* FeedViewController.swift in Sources */,
				8A79BBEB1E5DCD01001D8C31 /* UIImageView+SetImageWithPhotoID.swift in Sources */,
				8AD639BD1E5DA9A8008E51ED /* AppDelegate.swift in Sources */,
				8A68587C1E76C52700DAE6A7 /* CropViewController.swift in Sources */,
				8A018DF41E6D96D300BDEEC6 /* SplashViewController.swift in Sources */,
			);
			runOnlyForDeploymentPostprocessing = 0;
		};
/* End PBXSourcesBuildPhase section */

/* Begin PBXVariantGroup section */
		8AD639C51E5DA9A8008E51ED /* LaunchScreen.storyboard */ = {
			isa = PBXVariantGroup;
			children = (
				8AD639C61E5DA9A8008E51ED /* Base */,
			);
			name = LaunchScreen.storyboard;
			sourceTree = "<group>";
		};
/* End PBXVariantGroup section */

/* Begin XCBuildConfiguration section */
		8AD639C91E5DA9A8008E51ED /* Debug */ = {
			isa = XCBuildConfiguration;
			buildSettings = {
				ALWAYS_SEARCH_USER_PATHS = NO;
				CLANG_ANALYZER_NONNULL = YES;
				CLANG_CXX_LANGUAGE_STANDARD = "gnu++0x";
				CLANG_CXX_LIBRARY = "libc++";
				CLANG_ENABLE_MODULES = YES;
				CLANG_ENABLE_OBJC_ARC = YES;
				CLANG_WARN_BOOL_CONVERSION = YES;
				CLANG_WARN_CONSTANT_CONVERSION = YES;
				CLANG_WARN_DIRECT_OBJC_ISA_USAGE = YES_ERROR;
				CLANG_WARN_DOCUMENTATION_COMMENTS = YES;
				CLANG_WARN_EMPTY_BODY = YES;
				CLANG_WARN_ENUM_CONVERSION = YES;
				CLANG_WARN_INFINITE_RECURSION = YES;
				CLANG_WARN_INT_CONVERSION = YES;
				CLANG_WARN_OBJC_ROOT_CLASS = YES_ERROR;
				CLANG_WARN_SUSPICIOUS_MOVE = YES;
				CLANG_WARN_UNREACHABLE_CODE = YES;
				CLANG_WARN__DUPLICATE_METHOD_MATCH = YES;
				"CODE_SIGN_IDENTITY[sdk=iphoneos*]" = "iPhone Developer";
				COPY_PHASE_STRIP = NO;
				DEBUG_INFORMATION_FORMAT = dwarf;
				ENABLE_STRICT_OBJC_MSGSEND = YES;
				ENABLE_TESTABILITY = YES;
				GCC_C_LANGUAGE_STANDARD = gnu99;
				GCC_DYNAMIC_NO_PIC = NO;
				GCC_NO_COMMON_BLOCKS = YES;
				GCC_OPTIMIZATION_LEVEL = 0;
				GCC_PREPROCESSOR_DEFINITIONS = (
					"DEBUG=1",
					"$(inherited)",
				);
				GCC_WARN_64_TO_32_BIT_CONVERSION = YES;
				GCC_WARN_ABOUT_RETURN_TYPE = YES_ERROR;
				GCC_WARN_UNDECLARED_SELECTOR = YES;
				GCC_WARN_UNINITIALIZED_AUTOS = YES_AGGRESSIVE;
				GCC_WARN_UNUSED_FUNCTION = YES;
				GCC_WARN_UNUSED_VARIABLE = YES;
				IPHONEOS_DEPLOYMENT_TARGET = 10.2;
				MTL_ENABLE_DEBUG_INFO = YES;
				ONLY_ACTIVE_ARCH = YES;
				SDKROOT = iphoneos;
				SWIFT_ACTIVE_COMPILATION_CONDITIONS = DEBUG;
				SWIFT_OPTIMIZATION_LEVEL = "-Onone";
			};
			name = Debug;
		};
		8AD639CA1E5DA9A8008E51ED /* Release */ = {
			isa = XCBuildConfiguration;
			buildSettings = {
				ALWAYS_SEARCH_USER_PATHS = NO;
				CLANG_ANALYZER_NONNULL = YES;
				CLANG_CXX_LANGUAGE_STANDARD = "gnu++0x";
				CLANG_CXX_LIBRARY = "libc++";
				CLANG_ENABLE_MODULES = YES;
				CLANG_ENABLE_OBJC_ARC = YES;
				CLANG_WARN_BOOL_CONVERSION = YES;
				CLANG_WARN_CONSTANT_CONVERSION = YES;
				CLANG_WARN_DIRECT_OBJC_ISA_USAGE = YES_ERROR;
				CLANG_WARN_DOCUMENTATION_COMMENTS = YES;
				CLANG_WARN_EMPTY_BODY = YES;
				CLANG_WARN_ENUM_CONVERSION = YES;
				CLANG_WARN_INFINITE_RECURSION = YES;
				CLANG_WARN_INT_CONVERSION = YES;
				CLANG_WARN_OBJC_ROOT_CLASS = YES_ERROR;
				CLANG_WARN_SUSPICIOUS_MOVE = YES;
				CLANG_WARN_UNREACHABLE_CODE = YES;
				CLANG_WARN__DUPLICATE_METHOD_MATCH = YES;
				"CODE_SIGN_IDENTITY[sdk=iphoneos*]" = "iPhone Developer";
				COPY_PHASE_STRIP = NO;
				DEBUG_INFORMATION_FORMAT = "dwarf-with-dsym";
				ENABLE_NS_ASSERTIONS = NO;
				ENABLE_STRICT_OBJC_MSGSEND = YES;
				GCC_C_LANGUAGE_STANDARD = gnu99;
				GCC_NO_COMMON_BLOCKS = YES;
				GCC_WARN_64_TO_32_BIT_CONVERSION = YES;
				GCC_WARN_ABOUT_RETURN_TYPE = YES_ERROR;
				GCC_WARN_UNDECLARED_SELECTOR = YES;
				GCC_WARN_UNINITIALIZED_AUTOS = YES_AGGRESSIVE;
				GCC_WARN_UNUSED_FUNCTION = YES;
				GCC_WARN_UNUSED_VARIABLE = YES;
				IPHONEOS_DEPLOYMENT_TARGET = 10.2;
				MTL_ENABLE_DEBUG_INFO = NO;
				SDKROOT = iphoneos;
				SWIFT_OPTIMIZATION_LEVEL = "-Owholemodule";
				VALIDATE_PRODUCT = YES;
			};
			name = Release;
		};
		8AD639CC1E5DA9A8008E51ED /* Debug */ = {
			isa = XCBuildConfiguration;
			baseConfigurationReference = D1686D676F7447273ED9F6B1 /* Pods-Graygram.debug.xcconfig */;
			buildSettings = {
				ASSETCATALOG_COMPILER_APPICON_NAME = AppIcon;
				DEVELOPMENT_TEAM = 78F59JC234;
				INFOPLIST_FILE = Graygram/Info.plist;
				LD_RUNPATH_SEARCH_PATHS = "$(inherited) @executable_path/Frameworks";
				PRODUCT_BUNDLE_IDENTIFIER = Dev.MJ.Graygram;
				PRODUCT_NAME = "$(TARGET_NAME)";
				SWIFT_VERSION = 3.0;
			};
			name = Debug;
		};
		8AD639CD1E5DA9A8008E51ED /* Release */ = {
			isa = XCBuildConfiguration;
			baseConfigurationReference = 9C0D58869ED81A270921DE3C /* Pods-Graygram.release.xcconfig */;
			buildSettings = {
				ASSETCATALOG_COMPILER_APPICON_NAME = AppIcon;
				DEVELOPMENT_TEAM = 78F59JC234;
				INFOPLIST_FILE = Graygram/Info.plist;
				LD_RUNPATH_SEARCH_PATHS = "$(inherited) @executable_path/Frameworks";
				PRODUCT_BUNDLE_IDENTIFIER = Dev.MJ.Graygram;
				PRODUCT_NAME = "$(TARGET_NAME)";
				SWIFT_VERSION = 3.0;
			};
			name = Release;
		};
/* End XCBuildConfiguration section */

/* Begin XCConfigurationList section */
		8AD639B41E5DA9A7008E51ED /* Build configuration list for PBXProject "Graygram" */ = {
			isa = XCConfigurationList;
			buildConfigurations = (
				8AD639C91E5DA9A8008E51ED /* Debug */,
				8AD639CA1E5DA9A8008E51ED /* Release */,
			);
			defaultConfigurationIsVisible = 0;
			defaultConfigurationName = Release;
		};
		8AD639CB1E5DA9A8008E51ED /* Build configuration list for PBXNativeTarget "Graygram" */ = {
			isa = XCConfigurationList;
			buildConfigurations = (
				8AD639CC1E5DA9A8008E51ED /* Debug */,
				8AD639CD1E5DA9A8008E51ED /* Release */,
			);
			defaultConfigurationIsVisible = 0;
			defaultConfigurationName = Release;
		};
/* End XCConfigurationList section */
	};
	rootObject = 8AD639B11E5DA9A7008E51ED /* Project object */;
}
